
Microsoft Visual Studio Solution File, Format Version 12.00
# Visual Studio Version 16
VisualStudioVersion = 16.0.30225.117
MinimumVisualStudioVersion = 10.0.40219.1
Project("{FAE04EC0-301F-11D3-BF4B-00C04F79EFBC}") = "PS3Lib", "PS3Lib\PS3Lib.csproj", "{9CF50C64-4899-4CC4-9E8A-E0D5E25833BD}"
EndProject
Global
	GlobalSection(SolutionConfigurationPlatforms) = preSolution
		Debug|Any CPU = Debug|Any CPU
		Debug|x64 = Debug|x64
		Debug|x86 = Debug|x86
		Release|Any CPU = Release|Any CPU
		Release|x64 = Release|x64
		Release|x86 = Release|x86
	EndGlobalSection
	GlobalSection(ProjectConfigurationPlatforms) = postSolution
		{9CF50C64-4899-4CC4-9E8A-E0D5E25833BD}.Debug|Any CPU.ActiveCfg = Debug|Any CPU
		{9CF50C64-4899-4CC4-9E8A-E0D5E25833BD}.Debug|Any CPU.Build.0 = Debug|Any CPU
		{9CF50C64-4899-4CC4-9E8A-E0D5E25833BD}.Debug|x64.ActiveCfg = Debug|Any CPU
		{9CF50C64-4899-4CC4-9E8A-E0D5E25833BD}.Debug|x64.Build.0 = Debug|Any CPU
		{9CF50C64-4899-4CC4-9E8A-E0D5E25833BD}.Debug|x86.ActiveCfg = Debug|Any CPU
		{9CF50C64-4899-4CC4-9E8A-E0D5E25833BD}.Debug|x86.Build.0 = Debug|Any CPU
		{9CF50C64-4899-4CC4-9E8A-E0D5E25833BD}.Release|Any CPU.ActiveCfg = Release|Any CPU
		{9CF50C64-4899-4CC4-9E8A-E0D5E25833BD}.Release|Any CPU.Build.0 = Release|Any CPU
		{9CF50C64-4899-4CC4-9E8A-E0D5E25833BD}.Release|x64.ActiveCfg = Release|Any CPU
		{9CF50C64-4899-4CC4-9E8A-E0D5E25833BD}.Release|x64.Build.0 = Release|Any CPU
		{9CF50C64-4899-4CC4-9E8A-E0D5E25833BD}.Release|x86.ActiveCfg = Release|Any CPU
		{9CF50C64-4899-4CC4-9E8A-E0D5E25833BD}.Release|x86.Build.0 = Release|Any CPU
	EndGlobalSection
	GlobalSection(SolutionProperties) = preSolution
		HideSolutionNode = FALSE
	EndGlobalSection
EndGlobal
